
Microsoft Visual Studio Solution File, Format Version 12.00
# Visual Studio 2013
VisualStudioVersion = 12.0.21005.1
MinimumVisualStudioVersion = 10.0.40219.1
Project("{8BC9CEB8-8B4A-11D0-8D11-00A0C91BC942}") = "KinectTestConsole", "KinectApplications\KinectApplications.vcxproj", "{C81C692B-3056-4EBA-99B4-4BBA80FF5036}"
EndProject
Project("{8BC9CEB8-8B4A-11D0-8D11-00A0C91BC942}") = "ColourDepth", "ColourDepth\ColourDepth.vcxproj", "{B3D087FC-257B-47C0-B594-F859FDFC0AF4}"
EndProject
Project("{8BC9CEB8-8B4A-11D0-8D11-00A0C91BC942}") = "PointCloud", "PointCloud\PointCloud.vcxproj", "{9A0C4969-BBF7-4D21-B97E-151E13D41B06}"
EndProject
Project("{8BC9CEB8-8B4A-11D0-8D11-00A0C91BC942}") = "Transformations", "Transformations\Transformations.vcxproj", "{2CF7E1C7-4D74-418A-9B55-5353517AEED3}"
EndProject
Project("{8BC9CEB8-8B4A-11D0-8D11-00A0C91BC942}") = "RGB-D Odometry", "RGB-D Odometry\RGB-D Odometry.vcxproj", "{EDCD2470-5C2A-4C00-A1DF-D60DE0571C5E}"
EndProject
Project("{8BC9CEB8-8B4A-11D0-8D11-00A0C91BC942}") = "PolygonFitting", "PolygonFitting\PolygonFitting.vcxproj", "{22A95285-E194-4CAC-B6E1-4222DD564DCF}"
EndProject
Project("{8BC9CEB8-8B4A-11D0-8D11-00A0C91BC942}") = "StaticProjectionMapping", "StaticProjectionMapping\StaticProjectionMapping.vcxproj", "{F941EBFA-9E2E-4178-A939-D328CC0CAB83}"
EndProject
Global
	GlobalSection(SolutionConfigurationPlatforms) = preSolution
		Debug|Win32 = Debug|Win32
		Release|Win32 = Release|Win32
	EndGlobalSection
	GlobalSection(ProjectConfigurationPlatforms) = postSolution
		{C81C692B-3056-4EBA-99B4-4BBA80FF5036}.Debug|Win32.ActiveCfg = Debug|Win32
		{C81C692B-3056-4EBA-99B4-4BBA80FF5036}.Debug|Win32.Build.0 = Debug|Win32
		{C81C692B-3056-4EBA-99B4-4BBA80FF5036}.Release|Win32.ActiveCfg = Release|Win32
		{C81C692B-3056-4EBA-99B4-4BBA80FF5036}.Release|Win32.Build.0 = Release|Win32
		{B3D087FC-257B-47C0-B594-F859FDFC0AF4}.Debug|Win32.ActiveCfg = Debug|Win32
		{B3D087FC-257B-47C0-B594-F859FDFC0AF4}.Debug|Win32.Build.0 = Debug|Win32
		{B3D087FC-257B-47C0-B594-F859FDFC0AF4}.Release|Win32.ActiveCfg = Release|Win32
		{B3D087FC-257B-47C0-B594-F859FDFC0AF4}.Release|Win32.Build.0 = Release|Win32
		{9A0C4969-BBF7-4D21-B97E-151E13D41B06}.Debug|Win32.ActiveCfg = Debug|Win32
		{9A0C4969-BBF7-4D21-B97E-151E13D41B06}.Debug|Win32.Build.0 = Debug|Win32
		{9A0C4969-BBF7-4D21-B97E-151E13D41B06}.Release|Win32.ActiveCfg = Release|Win32
		{9A0C4969-BBF7-4D21-B97E-151E13D41B06}.Release|Win32.Build.0 = Release|Win32
		{2CF7E1C7-4D74-418A-9B55-5353517AEED3}.Debug|Win32.ActiveCfg = Debug|Win32
		{2CF7E1C7-4D74-418A-9B55-5353517AEED3}.Debug|Win32.Build.0 = Debug|Win32
		{2CF7E1C7-4D74-418A-9B55-5353517AEED3}.Release|Win32.ActiveCfg = Release|Win32
		{2CF7E1C7-4D74-418A-9B55-5353517AEED3}.Release|Win32.Build.0 = Release|Win32
		{EDCD2470-5C2A-4C00-A1DF-D60DE0571C5E}.Debug|Win32.ActiveCfg = Debug|Win32
		{EDCD2470-5C2A-4C00-A1DF-D60DE0571C5E}.Debug|Win32.Build.0 = Debug|Win32
		{EDCD2470-5C2A-4C00-A1DF-D60DE0571C5E}.Release|Win32.ActiveCfg = Release|Win32
		{EDCD2470-5C2A-4C00-A1DF-D60DE0571C5E}.Release|Win32.Build.0 = Release|Win32
		{22A95285-E194-4CAC-B6E1-4222DD564DCF}.Debug|Win32.ActiveCfg = Debug|Win32
		{22A95285-E194-4CAC-B6E1-4222DD564DCF}.Debug|Win32.Build.0 = Debug|Win32
		{22A95285-E194-4CAC-B6E1-4222DD564DCF}.Release|Win32.ActiveCfg = Release|Win32
		{22A95285-E194-4CAC-B6E1-4222DD564DCF}.Release|Win32.Build.0 = Release|Win32
		{F941EBFA-9E2E-4178-A939-D328CC0CAB83}.Debug|Win32.ActiveCfg = Debug|Win32
		{F941EBFA-9E2E-4178-A939-D328CC0CAB83}.Debug|Win32.Build.0 = Debug|Win32
		{F941EBFA-9E2E-4178-A939-D328CC0CAB83}.Release|Win32.ActiveCfg = Release|Win32
		{F941EBFA-9E2E-4178-A939-D328CC0CAB83}.Release|Win32.Build.0 = Release|Win32
	EndGlobalSection
	GlobalSection(SolutionProperties) = preSolution
		HideSolutionNode = FALSE
	EndGlobalSection
EndGlobal
