
Microsoft Visual Studio Solution File, Format Version 12.00
# Visual Studio Express 2013 for Windows Desktop
VisualStudioVersion = 12.0.21005.1
MinimumVisualStudioVersion = 10.0.40219.1
Project("{8BC9CEB8-8B4A-11D0-8D11-00A0C91BC942}") = "KinectTestConsole", "KinectApplications\KinectApplications.vcxproj", "{C81C692B-3056-4EBA-99B4-4BBA80FF5036}"
EndProject
Project("{8BC9CEB8-8B4A-11D0-8D11-00A0C91BC942}") = "ColourDepth", "ColourDepth\ColourDepth.vcxproj", "{B3D087FC-257B-47C0-B594-F859FDFC0AF4}"
EndProject
Project("{8BC9CEB8-8B4A-11D0-8D11-00A0C91BC942}") = "PointCloud", "PointCloud\PointCloud.vcxproj", "{9A0C4969-BBF7-4D21-B97E-151E13D41B06}"
EndProject
Global
	GlobalSection(SolutionConfigurationPlatforms) = preSolution
		Debug|Win32 = Debug|Win32
		Release|Win32 = Release|Win32
	EndGlobalSection
	GlobalSection(ProjectConfigurationPlatforms) = postSolution
		{C81C692B-3056-4EBA-99B4-4BBA80FF5036}.Debug|Win32.ActiveCfg = Debug|Win32
		{C81C692B-3056-4EBA-99B4-4BBA80FF5036}.Debug|Win32.Build.0 = Debug|Win32
		{C81C692B-3056-4EBA-99B4-4BBA80FF5036}.Release|Win32.ActiveCfg = Release|Win32
		{C81C692B-3056-4EBA-99B4-4BBA80FF5036}.Release|Win32.Build.0 = Release|Win32
		{B3D087FC-257B-47C0-B594-F859FDFC0AF4}.Debug|Win32.ActiveCfg = Debug|Win32
		{B3D087FC-257B-47C0-B594-F859FDFC0AF4}.Debug|Win32.Build.0 = Debug|Win32
		{B3D087FC-257B-47C0-B594-F859FDFC0AF4}.Release|Win32.ActiveCfg = Release|Win32
		{B3D087FC-257B-47C0-B594-F859FDFC0AF4}.Release|Win32.Build.0 = Release|Win32
		{9A0C4969-BBF7-4D21-B97E-151E13D41B06}.Debug|Win32.ActiveCfg = Debug|Win32
		{9A0C4969-BBF7-4D21-B97E-151E13D41B06}.Debug|Win32.Build.0 = Debug|Win32
		{9A0C4969-BBF7-4D21-B97E-151E13D41B06}.Release|Win32.ActiveCfg = Release|Win32
		{9A0C4969-BBF7-4D21-B97E-151E13D41B06}.Release|Win32.Build.0 = Release|Win32
	EndGlobalSection
	GlobalSection(SolutionProperties) = preSolution
		HideSolutionNode = FALSE
	EndGlobalSection
EndGlobal
